// !$*UTF8*$!
{
	archiveVersion = 1;
	classes = {
	};
	objectVersion = 46;
	objects = {

/* Begin PBXBuildFile section */
		2D0043EC1DD320E500A7D98A /* TwoCellVC.swift in Sources */ = {isa = PBXBuildFile; fileRef = 2D0043EA1DD320E500A7D98A /* TwoCellVC.swift */; };
		2D0043ED1DD320E500A7D98A /* TwoCellVC.xib in Resources */ = {isa = PBXBuildFile; fileRef = 2D0043EB1DD320E500A7D98A /* TwoCellVC.xib */; };
		2D0043F01DD322B800A7D98A /* testVC.swift in Sources */ = {isa = PBXBuildFile; fileRef = 2D0043EE1DD322B800A7D98A /* testVC.swift */; };
		2D0043F11DD322B800A7D98A /* testVC.xib in Resources */ = {isa = PBXBuildFile; fileRef = 2D0043EF1DD322B800A7D98A /* testVC.xib */; };
		2D2D50E91DD2F2CC00A759E8 /* AppDelegate.swift in Sources */ = {isa = PBXBuildFile; fileRef = 2D2D50E81DD2F2CC00A759E8 /* AppDelegate.swift */; };
		2D2D50EB1DD2F2CC00A759E8 /* ViewController.swift in Sources */ = {isa = PBXBuildFile; fileRef = 2D2D50EA1DD2F2CC00A759E8 /* ViewController.swift */; };
		2D2D50EE1DD2F2CC00A759E8 /* Main.storyboard in Resources */ = {isa = PBXBuildFile; fileRef = 2D2D50EC1DD2F2CC00A759E8 /* Main.storyboard */; };
		2D2D50F01DD2F2CC00A759E8 /* Assets.xcassets in Resources */ = {isa = PBXBuildFile; fileRef = 2D2D50EF1DD2F2CC00A759E8 /* Assets.xcassets */; };
		2D2D50F31DD2F2CC00A759E8 /* LaunchScreen.storyboard in Resources */ = {isa = PBXBuildFile; fileRef = 2D2D50F11DD2F2CC00A759E8 /* LaunchScreen.storyboard */; };
		2D2D50FE1DD2F2CC00A759E8 /* TableViewRouteDemoUITests.swift in Sources */ = {isa = PBXBuildFile; fileRef = 2D2D50FD1DD2F2CC00A759E8 /* TableViewRouteDemoUITests.swift */; };
		2D2D510D1DD2F38700A759E8 /* SecondVC.swift in Sources */ = {isa = PBXBuildFile; fileRef = 2D2D510C1DD2F38700A759E8 /* SecondVC.swift */; };
		2D2D510F1DD2F39500A759E8 /* ThreeVC.swift in Sources */ = {isa = PBXBuildFile; fileRef = 2D2D510E1DD2F39500A759E8 /* ThreeVC.swift */; };
		2D2D51121DD2F5CF00A759E8 /* BaseTableViewController.swift in Sources */ = {isa = PBXBuildFile; fileRef = 2D2D51101DD2F5CF00A759E8 /* BaseTableViewController.swift */; };
		2D2D51131DD2F5CF00A759E8 /* BaseTableViewController.xib in Resources */ = {isa = PBXBuildFile; fileRef = 2D2D51111DD2F5CF00A759E8 /* BaseTableViewController.xib */; };
		2D2D51161DD31BE700A759E8 /* NoneCellVC.swift in Sources */ = {isa = PBXBuildFile; fileRef = 2D2D51141DD31BE700A759E8 /* NoneCellVC.swift */; };
		2D2D51171DD31BE700A759E8 /* NoneCellVC.xib in Resources */ = {isa = PBXBuildFile; fileRef = 2D2D51151DD31BE700A759E8 /* NoneCellVC.xib */; };
		2DDC99D21DDC2D6D00201856 /* UIImage+RemoteSize.m in Sources */ = {isa = PBXBuildFile; fileRef = 2DDC99D11DDC2D6D00201856 /* UIImage+RemoteSize.m */; };
/* End PBXBuildFile section */

/* Begin PBXContainerItemProxy section */
		2D2D50FA1DD2F2CC00A759E8 /* PBXContainerItemProxy */ = {
			isa = PBXContainerItemProxy;
			containerPortal = 2D2D50DD1DD2F2CC00A759E8 /* Project object */;
			proxyType = 1;
			remoteGlobalIDString = 2D2D50E41DD2F2CC00A759E8;
			remoteInfo = TableViewRouteDemo;
		};
/* End PBXContainerItemProxy section */

/* Begin PBXFileReference section */
		2D0043EA1DD320E500A7D98A /* TwoCellVC.swift */ = {isa = PBXFileReference; fileEncoding = 4; lastKnownFileType = sourcecode.swift; path = TwoCellVC.swift; sourceTree = "<group>"; };
		2D0043EB1DD320E500A7D98A /* TwoCellVC.xib */ = {isa = PBXFileReference; fileEncoding = 4; lastKnownFileType = file.xib; path = TwoCellVC.xib; sourceTree = "<group>"; };
		2D0043EE1DD322B800A7D98A /* testVC.swift */ = {isa = PBXFileReference; fileEncoding = 4; lastKnownFileType = sourcecode.swift; path = testVC.swift; sourceTree = "<group>"; };
		2D0043EF1DD322B800A7D98A /* testVC.xib */ = {isa = PBXFileReference; fileEncoding = 4; lastKnownFileType = file.xib; path = testVC.xib; sourceTree = "<group>"; };
		2D2D50E51DD2F2CC00A759E8 /* TableViewRouteDemo.app */ = {isa = PBXFileReference; explicitFileType = wrapper.application; includeInIndex = 0; path = TableViewRouteDemo.app; sourceTree = BUILT_PRODUCTS_DIR; };
		2D2D50E81DD2F2CC00A759E8 /* AppDelegate.swift */ = {isa = PBXFileReference; lastKnownFileType = sourcecode.swift; path = AppDelegate.swift; sourceTree = "<group>"; };
		2D2D50EA1DD2F2CC00A759E8 /* ViewController.swift */ = {isa = PBXFileReference; lastKnownFileType = sourcecode.swift; path = ViewController.swift; sourceTree = "<group>"; };
		2D2D50ED1DD2F2CC00A759E8 /* Base */ = {isa = PBXFileReference; lastKnownFileType = file.storyboard; name = Base; path = Base.lproj/Main.storyboard; sourceTree = "<group>"; };
		2D2D50EF1DD2F2CC00A759E8 /* Assets.xcassets */ = {isa = PBXFileReference; lastKnownFileType = folder.assetcatalog; path = Assets.xcassets; sourceTree = "<group>"; };
		2D2D50F21DD2F2CC00A759E8 /* Base */ = {isa = PBXFileReference; lastKnownFileType = file.storyboard; name = Base; path = Base.lproj/LaunchScreen.storyboard; sourceTree = "<group>"; };
		2D2D50F41DD2F2CC00A759E8 /* Info.plist */ = {isa = PBXFileReference; lastKnownFileType = text.plist.xml; path = Info.plist; sourceTree = "<group>"; };
		2D2D50F91DD2F2CC00A759E8 /* TableViewRouteDemoUITests.xctest */ = {isa = PBXFileReference; explicitFileType = wrapper.cfbundle; includeInIndex = 0; path = TableViewRouteDemoUITests.xctest; sourceTree = BUILT_PRODUCTS_DIR; };
		2D2D50FD1DD2F2CC00A759E8 /* TableViewRouteDemoUITests.swift */ = {isa = PBXFileReference; lastKnownFileType = sourcecode.swift; path = TableViewRouteDemoUITests.swift; sourceTree = "<group>"; };
		2D2D50FF1DD2F2CC00A759E8 /* Info.plist */ = {isa = PBXFileReference; lastKnownFileType = text.plist.xml; path = Info.plist; sourceTree = "<group>"; };
		2D2D510C1DD2F38700A759E8 /* SecondVC.swift */ = {isa = PBXFileReference; fileEncoding = 4; lastKnownFileType = sourcecode.swift; path = SecondVC.swift; sourceTree = "<group>"; };
		2D2D510E1DD2F39500A759E8 /* ThreeVC.swift */ = {isa = PBXFileReference; fileEncoding = 4; lastKnownFileType = sourcecode.swift; path = ThreeVC.swift; sourceTree = "<group>"; };
		2D2D51101DD2F5CF00A759E8 /* BaseTableViewController.swift */ = {isa = PBXFileReference; fileEncoding = 4; lastKnownFileType = sourcecode.swift; path = BaseTableViewController.swift; sourceTree = "<group>"; };
		2D2D51111DD2F5CF00A759E8 /* BaseTableViewController.xib */ = {isa = PBXFileReference; fileEncoding = 4; lastKnownFileType = file.xib; path = BaseTableViewController.xib; sourceTree = "<group>"; };
		2D2D51141DD31BE700A759E8 /* NoneCellVC.swift */ = {isa = PBXFileReference; fileEncoding = 4; lastKnownFileType = sourcecode.swift; path = NoneCellVC.swift; sourceTree = "<group>"; };
		2D2D51151DD31BE700A759E8 /* NoneCellVC.xib */ = {isa = PBXFileReference; fileEncoding = 4; lastKnownFileType = file.xib; path = NoneCellVC.xib; sourceTree = "<group>"; };
		2DDC99D01DDC2D6D00201856 /* UIImage+RemoteSize.h */ = {isa = PBXFileReference; fileEncoding = 4; lastKnownFileType = sourcecode.c.h; path = "UIImage+RemoteSize.h"; sourceTree = "<group>"; };
		2DDC99D11DDC2D6D00201856 /* UIImage+RemoteSize.m */ = {isa = PBXFileReference; fileEncoding = 4; lastKnownFileType = sourcecode.c.objc; path = "UIImage+RemoteSize.m"; sourceTree = "<group>"; };
		2DDC99D61DDC2E4900201856 /* TableViewRouteDemo-Bridging-Header.h */ = {isa = PBXFileReference; lastKnownFileType = sourcecode.c.h; path = "TableViewRouteDemo-Bridging-Header.h"; sourceTree = "<group>"; };
/* End PBXFileReference section */

/* Begin PBXFrameworksBuildPhase section */
		2D2D50E21DD2F2CC00A759E8 /* Frameworks */ = {
			isa = PBXFrameworksBuildPhase;
			buildActionMask = 2147483647;
			files = (
			);
			runOnlyForDeploymentPostprocessing = 0;
		};
		2D2D50F61DD2F2CC00A759E8 /* Frameworks */ = {
			isa = PBXFrameworksBuildPhase;
			buildActionMask = 2147483647;
			files = (
			);
			runOnlyForDeploymentPostprocessing = 0;
		};
/* End PBXFrameworksBuildPhase section */

/* Begin PBXGroup section */
		2D2D50DC1DD2F2CC00A759E8 = {
			isa = PBXGroup;
			children = (
				2D2D50E71DD2F2CC00A759E8 /* TableViewRouteDemo */,
				2D2D50FC1DD2F2CC00A759E8 /* TableViewRouteDemoUITests */,
				2D2D50E61DD2F2CC00A759E8 /* Products */,
			);
			sourceTree = "<group>";
		};
		2D2D50E61DD2F2CC00A759E8 /* Products */ = {
			isa = PBXGroup;
			children = (
				2D2D50E51DD2F2CC00A759E8 /* TableViewRouteDemo.app */,
				2D2D50F91DD2F2CC00A759E8 /* TableViewRouteDemoUITests.xctest */,
			);
			name = Products;
			sourceTree = "<group>";
		};
		2D2D50E71DD2F2CC00A759E8 /* TableViewRouteDemo */ = {
			isa = PBXGroup;
			children = (
				2DDC99CF1DDC2D6D00201856 /* UIImageSize */,
				2D2D50E81DD2F2CC00A759E8 /* AppDelegate.swift */,
				2D2D50EA1DD2F2CC00A759E8 /* ViewController.swift */,
				2DDC99D61DDC2E4900201856 /* TableViewRouteDemo-Bridging-Header.h */,
				2D0043EE1DD322B800A7D98A /* testVC.swift */,
				2D0043EF1DD322B800A7D98A /* testVC.xib */,
				2D2D510C1DD2F38700A759E8 /* SecondVC.swift */,
				2D2D510E1DD2F39500A759E8 /* ThreeVC.swift */,
				2D2D51101DD2F5CF00A759E8 /* BaseTableViewController.swift */,
				2D2D51111DD2F5CF00A759E8 /* BaseTableViewController.xib */,
				2D2D51141DD31BE700A759E8 /* NoneCellVC.swift */,
				2D2D51151DD31BE700A759E8 /* NoneCellVC.xib */,
				2D0043EA1DD320E500A7D98A /* TwoCellVC.swift */,
				2D0043EB1DD320E500A7D98A /* TwoCellVC.xib */,
				2D2D50EC1DD2F2CC00A759E8 /* Main.storyboard */,
				2D2D50EF1DD2F2CC00A759E8 /* Assets.xcassets */,
				2D2D50F11DD2F2CC00A759E8 /* LaunchScreen.storyboard */,
				2D2D50F41DD2F2CC00A759E8 /* Info.plist */,
			);
			path = TableViewRouteDemo;
			sourceTree = "<group>";
		};
		2D2D50FC1DD2F2CC00A759E8 /* TableViewRouteDemoUITests */ = {
			isa = PBXGroup;
			children = (
				2D2D50FD1DD2F2CC00A759E8 /* TableViewRouteDemoUITests.swift */,
				2D2D50FF1DD2F2CC00A759E8 /* Info.plist */,
			);
			path = TableViewRouteDemoUITests;
			sourceTree = "<group>";
		};
		2DDC99CF1DDC2D6D00201856 /* UIImageSize */ = {
			isa = PBXGroup;
			children = (
				2DDC99D01DDC2D6D00201856 /* UIImage+RemoteSize.h */,
				2DDC99D11DDC2D6D00201856 /* UIImage+RemoteSize.m */,
			);
			path = UIImageSize;
			sourceTree = "<group>";
		};
/* End PBXGroup section */

/* Begin PBXNativeTarget section */
		2D2D50E41DD2F2CC00A759E8 /* TableViewRouteDemo */ = {
			isa = PBXNativeTarget;
			buildConfigurationList = 2D2D51021DD2F2CC00A759E8 /* Build configuration list for PBXNativeTarget "TableViewRouteDemo" */;
			buildPhases = (
				2D2D50E11DD2F2CC00A759E8 /* Sources */,
				2D2D50E21DD2F2CC00A759E8 /* Frameworks */,
				2D2D50E31DD2F2CC00A759E8 /* Resources */,
			);
			buildRules = (
			);
			dependencies = (
			);
			name = TableViewRouteDemo;
			productName = TableViewRouteDemo;
			productReference = 2D2D50E51DD2F2CC00A759E8 /* TableViewRouteDemo.app */;
			productType = "com.apple.product-type.application";
		};
		2D2D50F81DD2F2CC00A759E8 /* TableViewRouteDemoUITests */ = {
			isa = PBXNativeTarget;
			buildConfigurationList = 2D2D51051DD2F2CC00A759E8 /* Build configuration list for PBXNativeTarget "TableViewRouteDemoUITests" */;
			buildPhases = (
				2D2D50F51DD2F2CC00A759E8 /* Sources */,
				2D2D50F61DD2F2CC00A759E8 /* Frameworks */,
				2D2D50F71DD2F2CC00A759E8 /* Resources */,
			);
			buildRules = (
			);
			dependencies = (
				2D2D50FB1DD2F2CC00A759E8 /* PBXTargetDependency */,
			);
			name = TableViewRouteDemoUITests;
			productName = TableViewRouteDemoUITests;
			productReference = 2D2D50F91DD2F2CC00A759E8 /* TableViewRouteDemoUITests.xctest */;
			productType = "com.apple.product-type.bundle.ui-testing";
		};
/* End PBXNativeTarget section */

/* Begin PBXProject section */
		2D2D50DD1DD2F2CC00A759E8 /* Project object */ = {
			isa = PBXProject;
			attributes = {
				LastSwiftUpdateCheck = 0810;
				LastUpgradeCheck = 0810;
				ORGANIZATIONNAME = "陈旭";
				TargetAttributes = {
					2D2D50E41DD2F2CC00A759E8 = {
						CreatedOnToolsVersion = 8.1;
						ProvisioningStyle = Automatic;
					};
					2D2D50F81DD2F2CC00A759E8 = {
						CreatedOnToolsVersion = 8.1;
						ProvisioningStyle = Automatic;
						TestTargetID = 2D2D50E41DD2F2CC00A759E8;
					};
				};
			};
			buildConfigurationList = 2D2D50E01DD2F2CC00A759E8 /* Build configuration list for PBXProject "TableViewRouteDemo" */;
			compatibilityVersion = "Xcode 3.2";
			developmentRegion = English;
			hasScannedForEncodings = 0;
			knownRegions = (
				en,
				Base,
			);
			mainGroup = 2D2D50DC1DD2F2CC00A759E8;
			productRefGroup = 2D2D50E61DD2F2CC00A759E8 /* Products */;
			projectDirPath = "";
			projectRoot = "";
			targets = (
				2D2D50E41DD2F2CC00A759E8 /* TableViewRouteDemo */,
				2D2D50F81DD2F2CC00A759E8 /* TableViewRouteDemoUITests */,
			);
		};
/* End PBXProject section */

/* Begin PBXResourcesBuildPhase section */
		2D2D50E31DD2F2CC00A759E8 /* Resources */ = {
			isa = PBXResourcesBuildPhase;
			buildActionMask = 2147483647;
			files = (
				2D2D51171DD31BE700A759E8 /* NoneCellVC.xib in Resources */,
				2D2D50F31DD2F2CC00A759E8 /* LaunchScreen.storyboard in Resources */,
				2D2D50F01DD2F2CC00A759E8 /* Assets.xcassets in Resources */,
				2D2D51131DD2F5CF00A759E8 /* BaseTableViewController.xib in Resources */,
				2D2D50EE1DD2F2CC00A759E8 /* Main.storyboard in Resources */,
				2D0043ED1DD320E500A7D98A /* TwoCellVC.xib in Resources */,
				2D0043F11DD322B800A7D98A /* testVC.xib in Resources */,
			);
			runOnlyForDeploymentPostprocessing = 0;
		};
		2D2D50F71DD2F2CC00A759E8 /* Resources */ = {
			isa = PBXResourcesBuildPhase;
			buildActionMask = 2147483647;
			files = (
			);
			runOnlyForDeploymentPostprocessing = 0;
		};
/* End PBXResourcesBuildPhase section */

/* Begin PBXSourcesBuildPhase section */
		2D2D50E11DD2F2CC00A759E8 /* Sources */ = {
			isa = PBXSourcesBuildPhase;
			buildActionMask = 2147483647;
			files = (
				2D0043F01DD322B800A7D98A /* testVC.swift in Sources */,
				2D2D50EB1DD2F2CC00A759E8 /* ViewController.swift in Sources */,
				2D2D510F1DD2F39500A759E8 /* ThreeVC.swift in Sources */,
				2D2D51121DD2F5CF00A759E8 /* BaseTableViewController.swift in Sources */,
				2D2D510D1DD2F38700A759E8 /* SecondVC.swift in Sources */,
				2D2D51161DD31BE700A759E8 /* NoneCellVC.swift in Sources */,
				2D0043EC1DD320E500A7D98A /* TwoCellVC.swift in Sources */,
				2D2D50E91DD2F2CC00A759E8 /* AppDelegate.swift in Sources */,
				2DDC99D21DDC2D6D00201856 /* UIImage+RemoteSize.m in Sources */,
			);
			runOnlyForDeploymentPostprocessing = 0;
		};
		2D2D50F51DD2F2CC00A759E8 /* Sources */ = {
			isa = PBXSourcesBuildPhase;
			buildActionMask = 2147483647;
			files = (
				2D2D50FE1DD2F2CC00A759E8 /* TableViewRouteDemoUITests.swift in Sources */,
			);
			runOnlyForDeploymentPostprocessing = 0;
		};
/* End PBXSourcesBuildPhase section */

/* Begin PBXTargetDependency section */
		2D2D50FB1DD2F2CC00A759E8 /* PBXTargetDependency */ = {
			isa = PBXTargetDependency;
			target = 2D2D50E41DD2F2CC00A759E8 /* TableViewRouteDemo */;
			targetProxy = 2D2D50FA1DD2F2CC00A759E8 /* PBXContainerItemProxy */;
		};
/* End PBXTargetDependency section */

/* Begin PBXVariantGroup section */
		2D2D50EC1DD2F2CC00A759E8 /* Main.storyboard */ = {
			isa = PBXVariantGroup;
			children = (
				2D2D50ED1DD2F2CC00A759E8 /* Base */,
			);
			name = Main.storyboard;
			sourceTree = "<group>";
		};
		2D2D50F11DD2F2CC00A759E8 /* LaunchScreen.storyboard */ = {
			isa = PBXVariantGroup;
			children = (
				2D2D50F21DD2F2CC00A759E8 /* Base */,
			);
			name = LaunchScreen.storyboard;
			sourceTree = "<group>";
		};
/* End PBXVariantGroup section */

/* Begin XCBuildConfiguration section */
		2D2D51001DD2F2CC00A759E8 /* Debug */ = {
			isa = XCBuildConfiguration;
			buildSettings = {
				ALWAYS_SEARCH_USER_PATHS = NO;
				CLANG_ANALYZER_NONNULL = YES;
				CLANG_CXX_LANGUAGE_STANDARD = "gnu++0x";
				CLANG_CXX_LIBRARY = "libc++";
				CLANG_ENABLE_MODULES = YES;
				CLANG_ENABLE_OBJC_ARC = YES;
				CLANG_WARN_BOOL_CONVERSION = YES;
				CLANG_WARN_CONSTANT_CONVERSION = YES;
				CLANG_WARN_DIRECT_OBJC_ISA_USAGE = YES_ERROR;
				CLANG_WARN_DOCUMENTATION_COMMENTS = YES;
				CLANG_WARN_EMPTY_BODY = YES;
				CLANG_WARN_ENUM_CONVERSION = YES;
				CLANG_WARN_INFINITE_RECURSION = YES;
				CLANG_WARN_INT_CONVERSION = YES;
				CLANG_WARN_OBJC_ROOT_CLASS = YES_ERROR;
				CLANG_WARN_SUSPICIOUS_MOVES = YES;
				CLANG_WARN_UNREACHABLE_CODE = YES;
				CLANG_WARN__DUPLICATE_METHOD_MATCH = YES;
				"CODE_SIGN_IDENTITY[sdk=iphoneos*]" = "iPhone Developer";
				COPY_PHASE_STRIP = NO;
				DEBUG_INFORMATION_FORMAT = dwarf;
				ENABLE_STRICT_OBJC_MSGSEND = YES;
				ENABLE_TESTABILITY = YES;
				GCC_C_LANGUAGE_STANDARD = gnu99;
				GCC_DYNAMIC_NO_PIC = NO;
				GCC_NO_COMMON_BLOCKS = YES;
				GCC_OPTIMIZATION_LEVEL = 0;
				GCC_PREPROCESSOR_DEFINITIONS = (
					"DEBUG=1",
					"$(inherited)",
				);
				GCC_WARN_64_TO_32_BIT_CONVERSION = YES;
				GCC_WARN_ABOUT_RETURN_TYPE = YES_ERROR;
				GCC_WARN_UNDECLARED_SELECTOR = YES;
				GCC_WARN_UNINITIALIZED_AUTOS = YES_AGGRESSIVE;
				GCC_WARN_UNUSED_FUNCTION = YES;
				GCC_WARN_UNUSED_VARIABLE = YES;
				IPHONEOS_DEPLOYMENT_TARGET = 10.1;
				MTL_ENABLE_DEBUG_INFO = YES;
				ONLY_ACTIVE_ARCH = YES;
				SDKROOT = iphoneos;
				SWIFT_ACTIVE_COMPILATION_CONDITIONS = DEBUG;
				SWIFT_OPTIMIZATION_LEVEL = "-Onone";
			};
			name = Debug;
		};
		2D2D51011DD2F2CC00A759E8 /* Release */ = {
			isa = XCBuildConfiguration;
			buildSettings = {
				ALWAYS_SEARCH_USER_PATHS = NO;
				CLANG_ANALYZER_NONNULL = YES;
				CLANG_CXX_LANGUAGE_STANDARD = "gnu++0x";
				CLANG_CXX_LIBRARY = "libc++";
				CLANG_ENABLE_MODULES = YES;
				CLANG_ENABLE_OBJC_ARC = YES;
				CLANG_WARN_BOOL_CONVERSION = YES;
				CLANG_WARN_CONSTANT_CONVERSION = YES;
				CLANG_WARN_DIRECT_OBJC_ISA_USAGE = YES_ERROR;
				CLANG_WARN_DOCUMENTATION_COMMENTS = YES;
				CLANG_WARN_EMPTY_BODY = YES;
				CLANG_WARN_ENUM_CONVERSION = YES;
				CLANG_WARN_INFINITE_RECURSION = YES;
				CLANG_WARN_INT_CONVERSION = YES;
				CLANG_WARN_OBJC_ROOT_CLASS = YES_ERROR;
				CLANG_WARN_SUSPICIOUS_MOVES = YES;
				CLANG_WARN_UNREACHABLE_CODE = YES;
				CLANG_WARN__DUPLICATE_METHOD_MATCH = YES;
				"CODE_SIGN_IDENTITY[sdk=iphoneos*]" = "iPhone Developer";
				COPY_PHASE_STRIP = NO;
				DEBUG_INFORMATION_FORMAT = "dwarf-with-dsym";
				ENABLE_NS_ASSERTIONS = NO;
				ENABLE_STRICT_OBJC_MSGSEND = YES;
				GCC_C_LANGUAGE_STANDARD = gnu99;
				GCC_NO_COMMON_BLOCKS = YES;
				GCC_WARN_64_TO_32_BIT_CONVERSION = YES;
				GCC_WARN_ABOUT_RETURN_TYPE = YES_ERROR;
				GCC_WARN_UNDECLARED_SELECTOR = YES;
				GCC_WARN_UNINITIALIZED_AUTOS = YES_AGGRESSIVE;
				GCC_WARN_UNUSED_FUNCTION = YES;
				GCC_WARN_UNUSED_VARIABLE = YES;
				IPHONEOS_DEPLOYMENT_TARGET = 10.1;
				MTL_ENABLE_DEBUG_INFO = NO;
				SDKROOT = iphoneos;
				SWIFT_OPTIMIZATION_LEVEL = "-Owholemodule";
				VALIDATE_PRODUCT = YES;
			};
			name = Release;
		};
		2D2D51031DD2F2CC00A759E8 /* Debug */ = {
			isa = XCBuildConfiguration;
			buildSettings = {
				ASSETCATALOG_COMPILER_APPICON_NAME = AppIcon;
				INFOPLIST_FILE = TableViewRouteDemo/Info.plist;
				LD_RUNPATH_SEARCH_PATHS = "$(inherited) @executable_path/Frameworks";
				PRODUCT_BUNDLE_IDENTIFIER = WOW.TableViewRouteDemo;
				PRODUCT_NAME = "$(TARGET_NAME)";
				SWIFT_OBJC_BRIDGING_HEADER = "/Users/chenxu/Desktop/TableViewRouteDemo/TableViewRouteDemo/TableViewRouteDemo-Bridging-Header.h";
				SWIFT_VERSION = 3.0;
			};
			name = Debug;
		};
		2D2D51041DD2F2CC00A759E8 /* Release */ = {
			isa = XCBuildConfiguration;
			buildSettings = {
				ASSETCATALOG_COMPILER_APPICON_NAME = AppIcon;
				INFOPLIST_FILE = TableViewRouteDemo/Info.plist;
				LD_RUNPATH_SEARCH_PATHS = "$(inherited) @executable_path/Frameworks";
				PRODUCT_BUNDLE_IDENTIFIER = WOW.TableViewRouteDemo;
				PRODUCT_NAME = "$(TARGET_NAME)";
				SWIFT_OBJC_BRIDGING_HEADER = "/Users/chenxu/Desktop/TableViewRouteDemo/TableViewRouteDemo/TableViewRouteDemo-Bridging-Header.h";
				SWIFT_VERSION = 3.0;
			};
			name = Release;
		};
		2D2D51061DD2F2CC00A759E8 /* Debug */ = {
			isa = XCBuildConfiguration;
			buildSettings = {
				ALWAYS_EMBED_SWIFT_STANDARD_LIBRARIES = YES;
				INFOPLIST_FILE = TableViewRouteDemoUITests/Info.plist;
				LD_RUNPATH_SEARCH_PATHS = "$(inherited) @executable_path/Frameworks @loader_path/Frameworks";
				PRODUCT_BUNDLE_IDENTIFIER = WOW.TableViewRouteDemoUITests;
				PRODUCT_NAME = "$(TARGET_NAME)";
				SWIFT_VERSION = 3.0;
				TEST_TARGET_NAME = TableViewRouteDemo;
			};
			name = Debug;
		};
		2D2D51071DD2F2CC00A759E8 /* Release */ = {
			isa = XCBuildConfiguration;
			buildSettings = {
				ALWAYS_EMBED_SWIFT_STANDARD_LIBRARIES = YES;
				INFOPLIST_FILE = TableViewRouteDemoUITests/Info.plist;
				LD_RUNPATH_SEARCH_PATHS = "$(inherited) @executable_path/Frameworks @loader_path/Frameworks";
				PRODUCT_BUNDLE_IDENTIFIER = WOW.TableViewRouteDemoUITests;
				PRODUCT_NAME = "$(TARGET_NAME)";
				SWIFT_VERSION = 3.0;
				TEST_TARGET_NAME = TableViewRouteDemo;
			};
			name = Release;
		};
/* End XCBuildConfiguration section */

/* Begin XCConfigurationList section */
		2D2D50E01DD2F2CC00A759E8 /* Build configuration list for PBXProject "TableViewRouteDemo" */ = {
			isa = XCConfigurationList;
			buildConfigurations = (
				2D2D51001DD2F2CC00A759E8 /* Debug */,
				2D2D51011DD2F2CC00A759E8 /* Release */,
			);
			defaultConfigurationIsVisible = 0;
			defaultConfigurationName = Release;
		};
		2D2D51021DD2F2CC00A759E8 /* Build configuration list for PBXNativeTarget "TableViewRouteDemo" */ = {
			isa = XCConfigurationList;
			buildConfigurations = (
				2D2D51031DD2F2CC00A759E8 /* Debug */,
				2D2D51041DD2F2CC00A759E8 /* Release */,
			);
			defaultConfigurationIsVisible = 0;
			defaultConfigurationName = Release;
		};
		2D2D51051DD2F2CC00A759E8 /* Build configuration list for PBXNativeTarget "TableViewRouteDemoUITests" */ = {
			isa = XCConfigurationList;
			buildConfigurations = (
				2D2D51061DD2F2CC00A759E8 /* Debug */,
				2D2D51071DD2F2CC00A759E8 /* Release */,
			);
			defaultConfigurationIsVisible = 0;
			defaultConfigurationName = Release;
		};
/* End XCConfigurationList section */
	};
	rootObject = 2D2D50DD1DD2F2CC00A759E8 /* Project object */;
}
